
Microsoft Visual Studio Solution File, Format Version 12.00
# Visual Studio 15
VisualStudioVersion = 15.0.28307.539
MinimumVisualStudioVersion = 10.0.40219.1
Project("{FAE04EC0-301F-11D3-BF4B-00C04F79EFBC}") = "CloudMqttServer", "CloudMqttServer\CloudMqttServer.csproj", "{BA4D0FC9-38F7-4D5D-B0EF-0818388AEBFB}"
EndProject
Global
	GlobalSection(SolutionConfigurationPlatforms) = preSolution
		Debug|Any CPU = Debug|Any CPU
		Release|Any CPU = Release|Any CPU
	EndGlobalSection
	GlobalSection(ProjectConfigurationPlatforms) = postSolution
		{BA4D0FC9-38F7-4D5D-B0EF-0818388AEBFB}.Debug|Any CPU.ActiveCfg = Debug|Any CPU
		{BA4D0FC9-38F7-4D5D-B0EF-0818388AEBFB}.Debug|Any CPU.Build.0 = Debug|Any CPU
		{BA4D0FC9-38F7-4D5D-B0EF-0818388AEBFB}.Release|Any CPU.ActiveCfg = Release|Any CPU
		{BA4D0FC9-38F7-4D5D-B0EF-0818388AEBFB}.Release|Any CPU.Build.0 = Release|Any CPU
	EndGlobalSection
	GlobalSection(SolutionProperties) = preSolution
		HideSolutionNode = FALSE
	EndGlobalSection
	GlobalSection(ExtensibilityGlobals) = postSolution
		SolutionGuid = {B3A31C02-6147-4D4A-89EA-796D90308334}
	EndGlobalSection
EndGlobal
